
Microsoft Visual Studio Solution File, Format Version 12.00
# Visual Studio Version 16
VisualStudioVersion = 16.0.29009.5
MinimumVisualStudioVersion = 10.0.40219.1
Project("{8BC9CEB8-8B4A-11D0-8D11-00A0C91BC942}") = "test_messages_ip_tunnel", "test_messages_ip_tunnel.vcxproj", "{3922CBFC-2D7D-4B0E-8DA4-B702B53F6FC3}"
EndProject
Global
	GlobalSection(SolutionConfigurationPlatforms) = preSolution
		Debug|x64 = Debug|x64
		Debug|x86 = Debug|x86
		Release|x64 = Release|x64
		Release|x86 = Release|x86
	EndGlobalSection
	GlobalSection(ProjectConfigurationPlatforms) = postSolution
		{3922CBFC-2D7D-4B0E-8DA4-B702B53F6FC3}.Debug|x64.ActiveCfg = Debug|x64
		{3922CBFC-2D7D-4B0E-8DA4-B702B53F6FC3}.Debug|x64.Build.0 = Debug|x64
		{3922CBFC-2D7D-4B0E-8DA4-B702B53F6FC3}.Debug|x86.ActiveCfg = Debug|Win32
		{3922CBFC-2D7D-4B0E-8DA4-B702B53F6FC3}.Debug|x86.Build.0 = Debug|Win32
		{3922CBFC-2D7D-4B0E-8DA4-B702B53F6FC3}.Release|x64.ActiveCfg = Release|x64
		{3922CBFC-2D7D-4B0E-8DA4-B702B53F6FC3}.Release|x64.Build.0 = Release|x64
		{3922CBFC-2D7D-4B0E-8DA4-B702B53F6FC3}.Release|x86.ActiveCfg = Release|Win32
		{3922CBFC-2D7D-4B0E-8DA4-B702B53F6FC3}.Release|x86.Build.0 = Release|Win32
	EndGlobalSection
	GlobalSection(SolutionProperties) = preSolution
		HideSolutionNode = FALSE
	EndGlobalSection
	GlobalSection(ExtensibilityGlobals) = postSolution
		SolutionGuid = {A3C4E89E-1965-4298-B519-EC511A929A93}
	EndGlobalSection
EndGlobal
